
Microsoft Visual Studio Solution File, Format Version 12.00
# Visual Studio Version 16
VisualStudioVersion = 16.0.33214.272
MinimumVisualStudioVersion = 10.0.40219.1
Project("{FAE04EC0-301F-11D3-BF4B-00C04F79EFBC}") = "AppDoHotel", "AppDoHotel.csproj", "{61C8D764-889F-442C-BF35-FC33259700BA}"
EndProject
Project("{2150E333-8FDC-42A3-9474-1A3956D46DE8}") = "Solution Items", "Solution Items", "{C94642A6-5812-440C-945C-7131BA5E614A}"
	ProjectSection(SolutionItems) = preProject
		Class1.cs = Class1.cs
	EndProjectSection
EndProject
Global
	GlobalSection(SolutionConfigurationPlatforms) = preSolution
		Debug|Any CPU = Debug|Any CPU
		Release|Any CPU = Release|Any CPU
	EndGlobalSection
	GlobalSection(ProjectConfigurationPlatforms) = postSolution
		{61C8D764-889F-442C-BF35-FC33259700BA}.Debug|Any CPU.ActiveCfg = Debug|Any CPU
		{61C8D764-889F-442C-BF35-FC33259700BA}.Debug|Any CPU.Build.0 = Debug|Any CPU
		{61C8D764-889F-442C-BF35-FC33259700BA}.Debug|Any CPU.Deploy.0 = Debug|Any CPU
		{61C8D764-889F-442C-BF35-FC33259700BA}.Release|Any CPU.ActiveCfg = Release|Any CPU
		{61C8D764-889F-442C-BF35-FC33259700BA}.Release|Any CPU.Build.0 = Release|Any CPU
		{61C8D764-889F-442C-BF35-FC33259700BA}.Release|Any CPU.Deploy.0 = Release|Any CPU
	EndGlobalSection
	GlobalSection(SolutionProperties) = preSolution
		HideSolutionNode = FALSE
	EndGlobalSection
	GlobalSection(ExtensibilityGlobals) = postSolution
		SolutionGuid = {46098C97-D151-4AD7-8ABE-859FF3AF86A2}
	EndGlobalSection
EndGlobal
